
Microsoft Visual Studio Solution File, Format Version 12.00
# Visual Studio Version 17
VisualStudioVersion = 17.14.36518.9 d17.14
MinimumVisualStudioVersion = 10.0.40219.1
Project("{FAE04EC0-301F-11D3-BF4B-00C04F79EFBC}") = "s1131501_林昱綸_wordcard", "s1131501_林昱綸_wordcard\s1131501_林昱綸_wordcard.csproj", "{1E7AEB83-D6D7-4F1A-996C-82ED93ECDA0F}"
EndProject
Global
	GlobalSection(SolutionConfigurationPlatforms) = preSolution
		Debug|Any CPU = Debug|Any CPU
		Release|Any CPU = Release|Any CPU
	EndGlobalSection
	GlobalSection(ProjectConfigurationPlatforms) = postSolution
		{1E7AEB83-D6D7-4F1A-996C-82ED93ECDA0F}.Debug|Any CPU.ActiveCfg = Debug|Any CPU
		{1E7AEB83-D6D7-4F1A-996C-82ED93ECDA0F}.Debug|Any CPU.Build.0 = Debug|Any CPU
		{1E7AEB83-D6D7-4F1A-996C-82ED93ECDA0F}.Release|Any CPU.ActiveCfg = Release|Any CPU
		{1E7AEB83-D6D7-4F1A-996C-82ED93ECDA0F}.Release|Any CPU.Build.0 = Release|Any CPU
	EndGlobalSection
	GlobalSection(SolutionProperties) = preSolution
		HideSolutionNode = FALSE
	EndGlobalSection
	GlobalSection(ExtensibilityGlobals) = postSolution
		SolutionGuid = {F6B8878D-064A-4713-B949-DBCE4B0102AE}
	EndGlobalSection
EndGlobal
